// !$*UTF8*$!
{
	archiveVersion = 1;
	classes = {
	};
	objectVersion = 50;
	objects = {

/* Begin PBXBuildFile section */
		0E4BA58D9FDEDD90F937B874 /* Pods_WhatSpider.framework in Frameworks */ = {isa = PBXBuildFile; fileRef = 228F8447978A9B3F94886CCA /* Pods_WhatSpider.framework */; };
		D9B68A922212823500F7142F /* GoogleService-Info.plist in Resources */ = {isa = PBXBuildFile; fileRef = D9B68A912212823400F7142F /* GoogleService-Info.plist */; };
		D9C4B68121E5AFE70089769C /* AppDelegate.swift in Sources */ = {isa = PBXBuildFile; fileRef = D9C4B68021E5AFE70089769C /* AppDelegate.swift */; };
		D9C4B68621E5AFE70089769C /* Main.storyboard in Resources */ = {isa = PBXBuildFile; fileRef = D9C4B68421E5AFE70089769C /* Main.storyboard */; };
		D9C4B68821E5AFE80089769C /* Assets.xcassets in Resources */ = {isa = PBXBuildFile; fileRef = D9C4B68721E5AFE80089769C /* Assets.xcassets */; };
		D9C4B68B21E5AFE80089769C /* LaunchScreen.storyboard in Resources */ = {isa = PBXBuildFile; fileRef = D9C4B68921E5AFE80089769C /* LaunchScreen.storyboard */; };
		D9CACB2221E972120064FA97 /* MoreViewController.swift in Sources */ = {isa = PBXBuildFile; fileRef = D9CACB2121E972120064FA97 /* MoreViewController.swift */; };
		D9CACB2421E9739A0064FA97 /* DiscoverViewController.swift in Sources */ = {isa = PBXBuildFile; fileRef = D9CACB2321E9739A0064FA97 /* DiscoverViewController.swift */; };
/* End PBXBuildFile section */

/* Begin PBXFileReference section */
		228F8447978A9B3F94886CCA /* Pods_WhatSpider.framework */ = {isa = PBXFileReference; explicitFileType = wrapper.framework; includeInIndex = 0; path = Pods_WhatSpider.framework; sourceTree = BUILT_PRODUCTS_DIR; };
		A362285659DF9D534A01D556 /* Pods-WhatSpider.debug.xcconfig */ = {isa = PBXFileReference; includeInIndex = 1; lastKnownFileType = text.xcconfig; name = "Pods-WhatSpider.debug.xcconfig"; path = "Pods/Target Support Files/Pods-WhatSpider/Pods-WhatSpider.debug.xcconfig"; sourceTree = "<group>"; };
		D9B68A912212823400F7142F /* GoogleService-Info.plist */ = {isa = PBXFileReference; fileEncoding = 4; lastKnownFileType = text.plist.xml; path = "GoogleService-Info.plist"; sourceTree = SOURCE_ROOT; };
		D9C4B67D21E5AFE70089769C /* WhatSpider.app */ = {isa = PBXFileReference; explicitFileType = wrapper.application; includeInIndex = 0; path = WhatSpider.app; sourceTree = BUILT_PRODUCTS_DIR; };
		D9C4B68021E5AFE70089769C /* AppDelegate.swift */ = {isa = PBXFileReference; lastKnownFileType = sourcecode.swift; path = AppDelegate.swift; sourceTree = "<group>"; };
		D9C4B68521E5AFE70089769C /* Base */ = {isa = PBXFileReference; lastKnownFileType = file.storyboard; name = Base; path = Base.lproj/Main.storyboard; sourceTree = "<group>"; };
		D9C4B68721E5AFE80089769C /* Assets.xcassets */ = {isa = PBXFileReference; lastKnownFileType = folder.assetcatalog; path = Assets.xcassets; sourceTree = "<group>"; };
		D9C4B68A21E5AFE80089769C /* Base */ = {isa = PBXFileReference; lastKnownFileType = file.storyboard; name = Base; path = Base.lproj/LaunchScreen.storyboard; sourceTree = "<group>"; };
		D9C4B68C21E5AFE80089769C /* Info.plist */ = {isa = PBXFileReference; lastKnownFileType = text.plist.xml; path = Info.plist; sourceTree = "<group>"; };
		D9CACB2121E972120064FA97 /* MoreViewController.swift */ = {isa = PBXFileReference; lastKnownFileType = sourcecode.swift; path = MoreViewController.swift; sourceTree = "<group>"; };
		D9CACB2321E9739A0064FA97 /* DiscoverViewController.swift */ = {isa = PBXFileReference; lastKnownFileType = sourcecode.swift; path = DiscoverViewController.swift; sourceTree = "<group>"; };
		FE009E352347C3977B20E6E4 /* Pods-WhatSpider.release.xcconfig */ = {isa = PBXFileReference; includeInIndex = 1; lastKnownFileType = text.xcconfig; name = "Pods-WhatSpider.release.xcconfig"; path = "Pods/Target Support Files/Pods-WhatSpider/Pods-WhatSpider.release.xcconfig"; sourceTree = "<group>"; };
/* End PBXFileReference section */

/* Begin PBXFrameworksBuildPhase section */
		D9C4B67A21E5AFE70089769C /* Frameworks */ = {
			isa = PBXFrameworksBuildPhase;
			buildActionMask = 2147483647;
			files = (
				0E4BA58D9FDEDD90F937B874 /* Pods_WhatSpider.framework in Frameworks */,
			);
			runOnlyForDeploymentPostprocessing = 0;
		};
/* End PBXFrameworksBuildPhase section */

/* Begin PBXGroup section */
		434E8F00E58D951C2F2DFCDB /* Pods */ = {
			isa = PBXGroup;
			children = (
				A362285659DF9D534A01D556 /* Pods-WhatSpider.debug.xcconfig */,
				FE009E352347C3977B20E6E4 /* Pods-WhatSpider.release.xcconfig */,
			);
			name = Pods;
			sourceTree = "<group>";
		};
		61D36EEFFB33F20FD159BEAC /* Frameworks */ = {
			isa = PBXGroup;
			children = (
				228F8447978A9B3F94886CCA /* Pods_WhatSpider.framework */,
			);
			name = Frameworks;
			sourceTree = "<group>";
		};
		D9C4B67421E5AFE70089769C = {
			isa = PBXGroup;
			children = (
				D9C4B67F21E5AFE70089769C /* WhatSpider */,
				D9C4B67E21E5AFE70089769C /* Products */,
				434E8F00E58D951C2F2DFCDB /* Pods */,
				61D36EEFFB33F20FD159BEAC /* Frameworks */,
			);
			sourceTree = "<group>";
		};
		D9C4B67E21E5AFE70089769C /* Products */ = {
			isa = PBXGroup;
			children = (
				D9C4B67D21E5AFE70089769C /* WhatSpider.app */,
			);
			name = Products;
			sourceTree = "<group>";
		};
		D9C4B67F21E5AFE70089769C /* WhatSpider */ = {
			isa = PBXGroup;
			children = (
				D9B68A912212823400F7142F /* GoogleService-Info.plist */,
				D9C4B68021E5AFE70089769C /* AppDelegate.swift */,
				D9C4B68421E5AFE70089769C /* Main.storyboard */,
				D9CACB2321E9739A0064FA97 /* DiscoverViewController.swift */,
				D9CACB2121E972120064FA97 /* MoreViewController.swift */,
				D9C4B68721E5AFE80089769C /* Assets.xcassets */,
				D9C4B68921E5AFE80089769C /* LaunchScreen.storyboard */,
				D9C4B68C21E5AFE80089769C /* Info.plist */,
			);
			path = WhatSpider;
			sourceTree = "<group>";
		};
/* End PBXGroup section */

/* Begin PBXNativeTarget section */
		D9C4B67C21E5AFE70089769C /* WhatSpider */ = {
			isa = PBXNativeTarget;
			buildConfigurationList = D9C4B68F21E5AFE80089769C /* Build configuration list for PBXNativeTarget "WhatSpider" */;
			buildPhases = (
				E72514B6E5B242817030E659 /* [CP] Check Pods Manifest.lock */,
				D9C4B67921E5AFE70089769C /* Sources */,
				D9C4B67A21E5AFE70089769C /* Frameworks */,
				D9C4B67B21E5AFE70089769C /* Resources */,
				80BAE2B75280DAC580F5291A /* [CP] Embed Pods Frameworks */,
				2C18B2F9E6DF1C80039511B7 /* [CP] Copy Pods Resources */,
			);
			buildRules = (
			);
			dependencies = (
			);
			name = WhatSpider;
			productName = WhatSpider;
			productReference = D9C4B67D21E5AFE70089769C /* WhatSpider.app */;
			productType = "com.apple.product-type.application";
		};
/* End PBXNativeTarget section */

/* Begin PBXProject section */
		D9C4B67521E5AFE70089769C /* Project object */ = {
			isa = PBXProject;
			attributes = {
				LastSwiftUpdateCheck = 1010;
				LastUpgradeCheck = 1010;
				ORGANIZATIONNAME = Site;
				TargetAttributes = {
					D9C4B67C21E5AFE70089769C = {
						CreatedOnToolsVersion = 10.1;
					};
				};
			};
			buildConfigurationList = D9C4B67821E5AFE70089769C /* Build configuration list for PBXProject "WhatSpider" */;
			compatibilityVersion = "Xcode 9.3";
			developmentRegion = en;
			hasScannedForEncodings = 0;
			knownRegions = (
				en,
				Base,
			);
			mainGroup = D9C4B67421E5AFE70089769C;
			productRefGroup = D9C4B67E21E5AFE70089769C /* Products */;
			projectDirPath = "";
			projectRoot = "";
			targets = (
				D9C4B67C21E5AFE70089769C /* WhatSpider */,
			);
		};
/* End PBXProject section */

/* Begin PBXResourcesBuildPhase section */
		D9C4B67B21E5AFE70089769C /* Resources */ = {
			isa = PBXResourcesBuildPhase;
			buildActionMask = 2147483647;
			files = (
				D9C4B68B21E5AFE80089769C /* LaunchScreen.storyboard in Resources */,
				D9B68A922212823500F7142F /* GoogleService-Info.plist in Resources */,
				D9C4B68821E5AFE80089769C /* Assets.xcassets in Resources */,
				D9C4B68621E5AFE70089769C /* Main.storyboard in Resources */,
			);
			runOnlyForDeploymentPostprocessing = 0;
		};
/* End PBXResourcesBuildPhase section */

/* Begin PBXShellScriptBuildPhase section */
		2C18B2F9E6DF1C80039511B7 /* [CP] Copy Pods Resources */ = {
			isa = PBXShellScriptBuildPhase;
			buildActionMask = 2147483647;
			files = (
			);
			inputFileListPaths = (
			);
			inputPaths = (
				"${SRCROOT}/Pods/Target Support Files/Pods-WhatSpider/Pods-WhatSpider-resources.sh",
				"${PODS_CONFIGURATION_BUILD_DIR}/FirebaseFirestore/gRPCCertificates-Firestore.bundle",
			);
			name = "[CP] Copy Pods Resources";
			outputFileListPaths = (
			);
			outputPaths = (
				"${TARGET_BUILD_DIR}/${UNLOCALIZED_RESOURCES_FOLDER_PATH}/gRPCCertificates-Firestore.bundle",
			);
			runOnlyForDeploymentPostprocessing = 0;
			shellPath = /bin/sh;
			shellScript = "\"${SRCROOT}/Pods/Target Support Files/Pods-WhatSpider/Pods-WhatSpider-resources.sh\"\n";
			showEnvVarsInLog = 0;
		};
		80BAE2B75280DAC580F5291A /* [CP] Embed Pods Frameworks */ = {
			isa = PBXShellScriptBuildPhase;
			buildActionMask = 2147483647;
			files = (
			);
			inputFileListPaths = (
			);
			inputPaths = (
				"${SRCROOT}/Pods/Target Support Files/Pods-WhatSpider/Pods-WhatSpider-frameworks.sh",
				"${BUILT_PRODUCTS_DIR}/Alamofire/Alamofire.framework",
				"${BUILT_PRODUCTS_DIR}/BoringSSL/openssl.framework",
				"${BUILT_PRODUCTS_DIR}/ColorThiefSwift/ColorThiefSwift.framework",
				"${BUILT_PRODUCTS_DIR}/GTMSessionFetcher/GTMSessionFetcher.framework",
				"${BUILT_PRODUCTS_DIR}/GoogleUtilities/GoogleUtilities.framework",
				"${BUILT_PRODUCTS_DIR}/Protobuf/Protobuf.framework",
				"${BUILT_PRODUCTS_DIR}/SDWebImage/SDWebImage.framework",
				"${BUILT_PRODUCTS_DIR}/SwiftyJSON/SwiftyJSON.framework",
				"${BUILT_PRODUCTS_DIR}/gRPC-C++/grpcpp.framework",
				"${BUILT_PRODUCTS_DIR}/gRPC-Core/grpc.framework",
				"${BUILT_PRODUCTS_DIR}/leveldb-library/leveldb.framework",
				"${BUILT_PRODUCTS_DIR}/nanopb/nanopb.framework",
			);
			name = "[CP] Embed Pods Frameworks";
			outputFileListPaths = (
			);
			outputPaths = (
				"${TARGET_BUILD_DIR}/${FRAMEWORKS_FOLDER_PATH}/Alamofire.framework",
				"${TARGET_BUILD_DIR}/${FRAMEWORKS_FOLDER_PATH}/openssl.framework",
				"${TARGET_BUILD_DIR}/${FRAMEWORKS_FOLDER_PATH}/ColorThiefSwift.framework",
				"${TARGET_BUILD_DIR}/${FRAMEWORKS_FOLDER_PATH}/GTMSessionFetcher.framework",
				"${TARGET_BUILD_DIR}/${FRAMEWORKS_FOLDER_PATH}/GoogleUtilities.framework",
				"${TARGET_BUILD_DIR}/${FRAMEWORKS_FOLDER_PATH}/Protobuf.framework",
				"${TARGET_BUILD_DIR}/${FRAMEWORKS_FOLDER_PATH}/SDWebImage.framework",
				"${TARGET_BUILD_DIR}/${FRAMEWORKS_FOLDER_PATH}/SwiftyJSON.framework",
				"${TARGET_BUILD_DIR}/${FRAMEWORKS_FOLDER_PATH}/grpcpp.framework",
				"${TARGET_BUILD_DIR}/${FRAMEWORKS_FOLDER_PATH}/grpc.framework",
				"${TARGET_BUILD_DIR}/${FRAMEWORKS_FOLDER_PATH}/leveldb.framework",
				"${TARGET_BUILD_DIR}/${FRAMEWORKS_FOLDER_PATH}/nanopb.framework",
			);
			runOnlyForDeploymentPostprocessing = 0;
			shellPath = /bin/sh;
			shellScript = "\"${SRCROOT}/Pods/Target Support Files/Pods-WhatSpider/Pods-WhatSpider-frameworks.sh\"\n";
			showEnvVarsInLog = 0;
		};
		E72514B6E5B242817030E659 /* [CP] Check Pods Manifest.lock */ = {
			isa = PBXShellScriptBuildPhase;
			buildActionMask = 2147483647;
			files = (
			);
			inputFileListPaths = (
			);
			inputPaths = (
				"${PODS_PODFILE_DIR_PATH}/Podfile.lock",
				"${PODS_ROOT}/Manifest.lock",
			);
			name = "[CP] Check Pods Manifest.lock";
			outputFileListPaths = (
			);
			outputPaths = (
				"$(DERIVED_FILE_DIR)/Pods-WhatSpider-checkManifestLockResult.txt",
			);
			runOnlyForDeploymentPostprocessing = 0;
			shellPath = /bin/sh;
			shellScript = "diff \"${PODS_PODFILE_DIR_PATH}/Podfile.lock\" \"${PODS_ROOT}/Manifest.lock\" > /dev/null\nif [ $? != 0 ] ; then\n    # print error to STDERR\n    echo \"error: The sandbox is not in sync with the Podfile.lock. Run 'pod install' or update your CocoaPods installation.\" >&2\n    exit 1\nfi\n# This output is used by Xcode 'outputs' to avoid re-running this script phase.\necho \"SUCCESS\" > \"${SCRIPT_OUTPUT_FILE_0}\"\n";
			showEnvVarsInLog = 0;
		};
/* End PBXShellScriptBuildPhase section */

/* Begin PBXSourcesBuildPhase section */
		D9C4B67921E5AFE70089769C /* Sources */ = {
			isa = PBXSourcesBuildPhase;
			buildActionMask = 2147483647;
			files = (
				D9CACB2221E972120064FA97 /* MoreViewController.swift in Sources */,
				D9C4B68121E5AFE70089769C /* AppDelegate.swift in Sources */,
				D9CACB2421E9739A0064FA97 /* DiscoverViewController.swift in Sources */,
			);
			runOnlyForDeploymentPostprocessing = 0;
		};
/* End PBXSourcesBuildPhase section */

/* Begin PBXVariantGroup section */
		D9C4B68421E5AFE70089769C /* Main.storyboard */ = {
			isa = PBXVariantGroup;
			children = (
				D9C4B68521E5AFE70089769C /* Base */,
			);
			name = Main.storyboard;
			sourceTree = "<group>";
		};
		D9C4B68921E5AFE80089769C /* LaunchScreen.storyboard */ = {
			isa = PBXVariantGroup;
			children = (
				D9C4B68A21E5AFE80089769C /* Base */,
			);
			name = LaunchScreen.storyboard;
			sourceTree = "<group>";
		};
/* End PBXVariantGroup section */

/* Begin XCBuildConfiguration section */
		D9C4B68D21E5AFE80089769C /* Debug */ = {
			isa = XCBuildConfiguration;
			buildSettings = {
				ALWAYS_SEARCH_USER_PATHS = NO;
				CLANG_ANALYZER_NONNULL = YES;
				CLANG_ANALYZER_NUMBER_OBJECT_CONVERSION = YES_AGGRESSIVE;
				CLANG_CXX_LANGUAGE_STANDARD = "gnu++14";
				CLANG_CXX_LIBRARY = "libc++";
				CLANG_ENABLE_MODULES = YES;
				CLANG_ENABLE_OBJC_ARC = YES;
				CLANG_ENABLE_OBJC_WEAK = YES;
				CLANG_WARN_BLOCK_CAPTURE_AUTORELEASING = YES;
				CLANG_WARN_BOOL_CONVERSION = YES;
				CLANG_WARN_COMMA = YES;
				CLANG_WARN_CONSTANT_CONVERSION = YES;
				CLANG_WARN_DEPRECATED_OBJC_IMPLEMENTATIONS = YES;
				CLANG_WARN_DIRECT_OBJC_ISA_USAGE = YES_ERROR;
				CLANG_WARN_DOCUMENTATION_COMMENTS = YES;
				CLANG_WARN_EMPTY_BODY = YES;
				CLANG_WARN_ENUM_CONVERSION = YES;
				CLANG_WARN_INFINITE_RECURSION = YES;
				CLANG_WARN_INT_CONVERSION = YES;
				CLANG_WARN_NON_LITERAL_NULL_CONVERSION = YES;
				CLANG_WARN_OBJC_IMPLICIT_RETAIN_SELF = YES;
				CLANG_WARN_OBJC_LITERAL_CONVERSION = YES;
				CLANG_WARN_OBJC_ROOT_CLASS = YES_ERROR;
				CLANG_WARN_RANGE_LOOP_ANALYSIS = YES;
				CLANG_WARN_STRICT_PROTOTYPES = YES;
				CLANG_WARN_SUSPICIOUS_MOVE = YES;
				CLANG_WARN_UNGUARDED_AVAILABILITY = YES_AGGRESSIVE;
				CLANG_WARN_UNREACHABLE_CODE = YES;
				CLANG_WARN__DUPLICATE_METHOD_MATCH = YES;
				CODE_SIGN_IDENTITY = "iPhone Developer";
				COPY_PHASE_STRIP = NO;
				DEBUG_INFORMATION_FORMAT = dwarf;
				ENABLE_STRICT_OBJC_MSGSEND = YES;
				ENABLE_TESTABILITY = YES;
				GCC_C_LANGUAGE_STANDARD = gnu11;
				GCC_DYNAMIC_NO_PIC = NO;
				GCC_NO_COMMON_BLOCKS = YES;
				GCC_OPTIMIZATION_LEVEL = 0;
				GCC_PREPROCESSOR_DEFINITIONS = (
					"DEBUG=1",
					"$(inherited)",
				);
				GCC_WARN_64_TO_32_BIT_CONVERSION = YES;
				GCC_WARN_ABOUT_RETURN_TYPE = YES_ERROR;
				GCC_WARN_UNDECLARED_SELECTOR = YES;
				GCC_WARN_UNINITIALIZED_AUTOS = YES_AGGRESSIVE;
				GCC_WARN_UNUSED_FUNCTION = YES;
				GCC_WARN_UNUSED_VARIABLE = YES;
				IPHONEOS_DEPLOYMENT_TARGET = 12.1;
				MTL_ENABLE_DEBUG_INFO = INCLUDE_SOURCE;
				MTL_FAST_MATH = YES;
				ONLY_ACTIVE_ARCH = YES;
				SDKROOT = iphoneos;
				SWIFT_ACTIVE_COMPILATION_CONDITIONS = DEBUG;
				SWIFT_OPTIMIZATION_LEVEL = "-Onone";
			};
			name = Debug;
		};
		D9C4B68E21E5AFE80089769C /* Release */ = {
			isa = XCBuildConfiguration;
			buildSettings = {
				ALWAYS_SEARCH_USER_PATHS = NO;
				CLANG_ANALYZER_NONNULL = YES;
				CLANG_ANALYZER_NUMBER_OBJECT_CONVERSION = YES_AGGRESSIVE;
				CLANG_CXX_LANGUAGE_STANDARD = "gnu++14";
				CLANG_CXX_LIBRARY = "libc++";
				CLANG_ENABLE_MODULES = YES;
				CLANG_ENABLE_OBJC_ARC = YES;
				CLANG_ENABLE_OBJC_WEAK = YES;
				CLANG_WARN_BLOCK_CAPTURE_AUTORELEASING = YES;
				CLANG_WARN_BOOL_CONVERSION = YES;
				CLANG_WARN_COMMA = YES;
				CLANG_WARN_CONSTANT_CONVERSION = YES;
				CLANG_WARN_DEPRECATED_OBJC_IMPLEMENTATIONS = YES;
				CLANG_WARN_DIRECT_OBJC_ISA_USAGE = YES_ERROR;
				CLANG_WARN_DOCUMENTATION_COMMENTS = YES;
				CLANG_WARN_EMPTY_BODY = YES;
				CLANG_WARN_ENUM_CONVERSION = YES;
				CLANG_WARN_INFINITE_RECURSION = YES;
				CLANG_WARN_INT_CONVERSION = YES;
				CLANG_WARN_NON_LITERAL_NULL_CONVERSION = YES;
				CLANG_WARN_OBJC_IMPLICIT_RETAIN_SELF = YES;
				CLANG_WARN_OBJC_LITERAL_CONVERSION = YES;
				CLANG_WARN_OBJC_ROOT_CLASS = YES_ERROR;
				CLANG_WARN_RANGE_LOOP_ANALYSIS = YES;
				CLANG_WARN_STRICT_PROTOTYPES = YES;
				CLANG_WARN_SUSPICIOUS_MOVE = YES;
				CLANG_WARN_UNGUARDED_AVAILABILITY = YES_AGGRESSIVE;
				CLANG_WARN_UNREACHABLE_CODE = YES;
				CLANG_WARN__DUPLICATE_METHOD_MATCH = YES;
				CODE_SIGN_IDENTITY = "iPhone Developer";
				COPY_PHASE_STRIP = NO;
				DEBUG_INFORMATION_FORMAT = "dwarf-with-dsym";
				ENABLE_NS_ASSERTIONS = NO;
				ENABLE_STRICT_OBJC_MSGSEND = YES;
				GCC_C_LANGUAGE_STANDARD = gnu11;
				GCC_NO_COMMON_BLOCKS = YES;
				GCC_WARN_64_TO_32_BIT_CONVERSION = YES;
				GCC_WARN_ABOUT_RETURN_TYPE = YES_ERROR;
				GCC_WARN_UNDECLARED_SELECTOR = YES;
				GCC_WARN_UNINITIALIZED_AUTOS = YES_AGGRESSIVE;
				GCC_WARN_UNUSED_FUNCTION = YES;
				GCC_WARN_UNUSED_VARIABLE = YES;
				IPHONEOS_DEPLOYMENT_TARGET = 12.1;
				MTL_ENABLE_DEBUG_INFO = NO;
				MTL_FAST_MATH = YES;
				SDKROOT = iphoneos;
				SWIFT_COMPILATION_MODE = wholemodule;
				SWIFT_OPTIMIZATION_LEVEL = "-O";
				VALIDATE_PRODUCT = YES;
			};
			name = Release;
		};
		D9C4B69021E5AFE80089769C /* Debug */ = {
			isa = XCBuildConfiguration;
			baseConfigurationReference = A362285659DF9D534A01D556 /* Pods-WhatSpider.debug.xcconfig */;
			buildSettings = {
				ASSETCATALOG_COMPILER_APPICON_NAME = AppIcon;
				CODE_SIGN_STYLE = Automatic;
				DEVELOPMENT_TEAM = W524AXF2S2;
				INFOPLIST_FILE = WhatSpider/Info.plist;
				LD_RUNPATH_SEARCH_PATHS = (
					"$(inherited)",
					"@executable_path/Frameworks",
				);
				PRODUCT_BUNDLE_IDENTIFIER = com.SiteHuang.WhatSpider;
				PRODUCT_NAME = "$(TARGET_NAME)";
				SWIFT_VERSION = 4.2;
				TARGETED_DEVICE_FAMILY = "1,2";
			};
			name = Debug;
		};
		D9C4B69121E5AFE80089769C /* Release */ = {
			isa = XCBuildConfiguration;
			baseConfigurationReference = FE009E352347C3977B20E6E4 /* Pods-WhatSpider.release.xcconfig */;
			buildSettings = {
				ASSETCATALOG_COMPILER_APPICON_NAME = AppIcon;
				CODE_SIGN_STYLE = Automatic;
				DEVELOPMENT_TEAM = W524AXF2S2;
				INFOPLIST_FILE = WhatSpider/Info.plist;
				LD_RUNPATH_SEARCH_PATHS = (
					"$(inherited)",
					"@executable_path/Frameworks",
				);
				PRODUCT_BUNDLE_IDENTIFIER = com.SiteHuang.WhatSpider;
				PRODUCT_NAME = "$(TARGET_NAME)";
				SWIFT_VERSION = 4.2;
				TARGETED_DEVICE_FAMILY = "1,2";
			};
			name = Release;
		};
/* End XCBuildConfiguration section */

/* Begin XCConfigurationList section */
		D9C4B67821E5AFE70089769C /* Build configuration list for PBXProject "WhatSpider" */ = {
			isa = XCConfigurationList;
			buildConfigurations = (
				D9C4B68D21E5AFE80089769C /* Debug */,
				D9C4B68E21E5AFE80089769C /* Release */,
			);
			defaultConfigurationIsVisible = 0;
			defaultConfigurationName = Release;
		};
		D9C4B68F21E5AFE80089769C /* Build configuration list for PBXNativeTarget "WhatSpider" */ = {
			isa = XCConfigurationList;
			buildConfigurations = (
				D9C4B69021E5AFE80089769C /* Debug */,
				D9C4B69121E5AFE80089769C /* Release */,
			);
			defaultConfigurationIsVisible = 0;
			defaultConfigurationName = Release;
		};
/* End XCConfigurationList section */
	};
	rootObject = D9C4B67521E5AFE70089769C /* Project object */;
}
